
Microsoft Visual Studio Solution File, Format Version 12.00
# Visual Studio Version 16
VisualStudioVersion = 16.0.30907.101
MinimumVisualStudioVersion = 10.0.40219.1
Project("{FAE04EC0-301F-11D3-BF4B-00C04F79EFBC}") = "Softplan.Api.Teste", "testes\Softplan.Api.Teste\Softplan.Api.Teste.csproj", "{98BC1AC6-B8B9-428B-AAD1-F54FF15828AE}"
EndProject
Global
	GlobalSection(SolutionConfigurationPlatforms) = preSolution
		Debug|Any CPU = Debug|Any CPU
		Release|Any CPU = Release|Any CPU
	EndGlobalSection
	GlobalSection(ProjectConfigurationPlatforms) = postSolution
		{98BC1AC6-B8B9-428B-AAD1-F54FF15828AE}.Debug|Any CPU.ActiveCfg = Debug|Any CPU
		{98BC1AC6-B8B9-428B-AAD1-F54FF15828AE}.Debug|Any CPU.Build.0 = Debug|Any CPU
		{98BC1AC6-B8B9-428B-AAD1-F54FF15828AE}.Release|Any CPU.ActiveCfg = Release|Any CPU
		{98BC1AC6-B8B9-428B-AAD1-F54FF15828AE}.Release|Any CPU.Build.0 = Release|Any CPU
	EndGlobalSection
	GlobalSection(SolutionProperties) = preSolution
		HideSolutionNode = FALSE
	EndGlobalSection
	GlobalSection(ExtensibilityGlobals) = postSolution
		SolutionGuid = {0EE3F218-8B86-4A74-8FAD-1C9AAE4859D6}
	EndGlobalSection
EndGlobal
